Microsoft Visual Studio Solution File, Format Version 12.00
# Visual Studio Version 18
VisualStudioVersion = 18.0.11012.119
MinimumVisualStudioVersion = 10.0.40219.1
Project("{FAE04EC0-301F-11D3-BF4B-00C04F79EFBC}") = "Common", "Common\Common.csproj", "{E15E491A-E872-91D8-DF7A-CA59C792F064}"
EndProject
Project("{FAE04EC0-301F-11D3-BF4B-00C04F79EFBC}") = "Parser", "Parser\Parser.csproj", "{0D1342D2-4EE7-B4AF-4CE7-6B19466AFDD4}"
EndProject
Project("{FAE04EC0-301F-11D3-BF4B-00C04F79EFBC}") = "Specification.INI", "Specification.INI\Specification.INI.csproj", "{B1D0522D-B271-6DFE-EE74-01968AB563FC}"
EndProject
Project("{FAE04EC0-301F-11D3-BF4B-00C04F79EFBC}") = "Specification.IPL", "Specification.IPL\Specification.IPL.csproj", "{2A6E348E-A2EB-BB8B-4682-73F048A10CF0}"
EndProject
Project("{FAE04EC0-301F-11D3-BF4B-00C04F79EFBC}") = "Specification.JSON", "Specification.JSON\Specification.JSON.csproj", "{EE11F393-845B-8CF9-5EA9-6FAFA3F5C3C0}"
EndProject
Project("{FAE04EC0-301F-11D3-BF4B-00C04F79EFBC}") = "Specification.REG", "Specification.REG\Specification.REG.csproj", "{FDDD5C4B-22E6-3E2C-6582-060EDE74E84C}"
EndProject
Project("{FAE04EC0-301F-11D3-BF4B-00C04F79EFBC}") = "Specification.WAD", "Specification.WAD\Specification.WAD.csproj", "{C0C97DCA-A0FD-9363-6609-63270DD65E70}"
EndProject
Project("{FAE04EC0-301F-11D3-BF4B-00C04F79EFBC}") = "Specification.XML", "Specification.XML\Specification.XML.csproj", "{6D899EA9-9016-E1B6-F8EA-442F1E80F179}"
EndProject
Project("{FAE04EC0-301F-11D3-BF4B-00C04F79EFBC}") = "Specification.ZDoom", "Specification.ZDoom\Specification.ZDoom.csproj", "{680E3022-EF08-0A27-8E21-EE7DDE01539E}"
EndProject
Project("{2150E333-8FDC-42A3-9474-1A3956D46DE8}") = "Solution", "Solution", "{284B0C48-6525-F3F5-CD5D-7841BD44174A}"
	ProjectSection(SolutionItems) = preProject
		.editorconfig = .editorconfig
		.filenesting.json = .filenesting.json
		.gitattributes = .gitattributes
		.gitignore = .gitignore
		Directory.Build.props = Directory.Build.props
		LICENSE = LICENSE
		README.md = README.md
	EndProjectSection
EndProject
Project("{FAE04EC0-301F-11D3-BF4B-00C04F79EFBC}") = "TestConsole", "TestConsole\TestConsole.csproj", "{BEF58E74-9439-23AC-3AC1-4B31F9DE9CAB}"
	ProjectSection(ProjectDependencies) = postProject
		{E180CC60-075F-462E-996F-39070EC39013} = {E180CC60-075F-462E-996F-39070EC39013}
	EndProjectSection
EndProject
Project("{FAE04EC0-301F-11D3-BF4B-00C04F79EFBC}") = "ParserVisualizer", "ParserVisualizer\ParserVisualizer.csproj", "{6ABFADD5-0952-4CC9-91C0-1218777AE3B4}"
EndProject
Project("{2150E333-8FDC-42A3-9474-1A3956D46DE8}") = "Documentation", "Documentation", "{F60AE9E8-DEC6-417D-9487-81940A3D53D3}"
	ProjectSection(SolutionItems) = preProject
		docs\Common.xml = docs\Common.xml
		docs\Parser.xml = docs\Parser.xml
		docs\Specification.INI.xml = docs\Specification.INI.xml
		docs\Specification.IPL.xml = docs\Specification.IPL.xml
		docs\Specification.JSON.xml = docs\Specification.JSON.xml
		docs\Specification.REG.xml = docs\Specification.REG.xml
		docs\Specification.WAD.xml = docs\Specification.WAD.xml
		docs\Specification.XML.xml = docs\Specification.XML.xml
		docs\Specification.ZDoom.xml = docs\Specification.ZDoom.xml
		docs\Terminal.Menu.xml = docs\Terminal.Menu.xml
		docs\TestConsole.xml = docs\TestConsole.xml
	EndProjectSection
EndProject
Project("{FAE04EC0-301F-11D3-BF4B-00C04F79EFBC}") = "UnitTest", "UnitTest\UnitTest.csproj", "{C42B27E1-419B-440F-BF39-F16BCBAC54C7}"
EndProject
Project("{FAE04EC0-301F-11D3-BF4B-00C04F79EFBC}") = "WPFParserVisualizer", "WPFParserVisualizer\WPFParserVisualizer.csproj", "{C3C931AB-EADC-4A0E-AB56-F072936C78EC}"
EndProject
Project("{FAE04EC0-301F-11D3-BF4B-00C04F79EFBC}") = "Terminal.Menu", "Terminal.Menu\Terminal.Menu.csproj", "{E180CC60-075F-462E-996F-39070EC39013}"
	ProjectSection(ProjectDependencies) = postProject
		{E15E491A-E872-91D8-DF7A-CA59C792F064} = {E15E491A-E872-91D8-DF7A-CA59C792F064}
	EndProjectSection
EndProject
Project("{2150E333-8FDC-42A3-9474-1A3956D46DE8}") = "Specifications", "Specifications", "{306ADCA7-FB08-E279-8072-1E915F7B2D17}"
	ProjectSection(SolutionItems) = preProject
		Parser\ByteOperations.md = Parser\ByteOperations.md
		Parser\Naming Groups.md = Parser\Naming Groups.md
		Common\Regex\Naming Groups.md = Common\Regex\Naming Groups.md
	EndProjectSection
EndProject
Project("{FAE04EC0-301F-11D3-BF4B-00C04F79EFBC}") = "FormObjectViewer", "FormObjectViewer\FormObjectViewer.csproj", "{A956E431-070B-45D6-8776-1A1D1ED793AE}"
EndProject
Project("{2150E333-8FDC-42A3-9474-1A3956D46DE8}") = "Language Specifications", "Language Specifications", "{8F3611D8-E097-C408-6FFE-4ACCCA582423}"
	ProjectSection(SolutionItems) = preProject
		Parser\Tokens\TokenRule.xml = Parser\Tokens\TokenRule.xml
	EndProjectSection
EndProject
Project("{FAE04EC0-301F-11D3-BF4B-00C04F79EFBC}") = "TokenFinder", "TokenFinder\TokenFinder.csproj", "{74876821-F752-4F6D-B09D-6DBD4B58A1E0}"
EndProject
Project("{FAE04EC0-301F-11D3-BF4B-00C04F79EFBC}") = "Magna.ECMWasher.DTFEM", "SerialSenderApp\Magna.ECMWasher.DTFEM.csproj", "{E4ED8E1F-9189-4E12-4484-500C35BA15E4}"
EndProject
Project("{2150E333-8FDC-42A3-9474-1A3956D46DE8}") = "Drafts", "Drafts", "{2124EC92-B74E-4079-9B84-86302612CB3E}"
	ProjectSection(SolutionItems) = preProject
		..\..\iCloud Drive\iCloudDrive\iCloud~com~agiletortoise~Drafts5\Library\Syntax\xml.json = ..\..\iCloud Drive\iCloudDrive\iCloud~com~agiletortoise~Drafts5\Library\Syntax\xml.json
	EndProjectSection
	ProjectSection(FolderGlobals) = preProject
		D_5_4iCloud Drive_4iCloudDrive_4iCloud~com~agiletortoise~Drafts5_4Library_4Syntax_4xml_1json__JsonSchema = https://alec016.github.io/Custom-Machinery/Json%20Schema/src/main/resources/schemas/custom_machinery_recipe.json
	EndProjectSection
EndProject
Global
	GlobalSection(SolutionConfigurationPlatforms) = preSolution
		Debug|x64 = Debug|x64
		Release|x64 = Release|x64
		Description = Parser Development Environment
	EndGlobalSection
	GlobalSection(ProjectConfigurationPlatforms) = postSolution
		{E15E491A-E872-91D8-DF7A-CA59C792F064}.Debug|x64.ActiveCfg = Debug|x64
		{E15E491A-E872-91D8-DF7A-CA59C792F064}.Debug|x64.Build.0 = Debug|x64
		{E15E491A-E872-91D8-DF7A-CA59C792F064}.Release|x64.ActiveCfg = Release|x64
		{E15E491A-E872-91D8-DF7A-CA59C792F064}.Release|x64.Build.0 = Release|x64
		{0D1342D2-4EE7-B4AF-4CE7-6B19466AFDD4}.Debug|x64.ActiveCfg = Debug|x64
		{0D1342D2-4EE7-B4AF-4CE7-6B19466AFDD4}.Debug|x64.Build.0 = Debug|x64
		{0D1342D2-4EE7-B4AF-4CE7-6B19466AFDD4}.Release|x64.ActiveCfg = Release|x64
		{0D1342D2-4EE7-B4AF-4CE7-6B19466AFDD4}.Release|x64.Build.0 = Release|x64
		{B1D0522D-B271-6DFE-EE74-01968AB563FC}.Debug|x64.ActiveCfg = Debug|x64
		{B1D0522D-B271-6DFE-EE74-01968AB563FC}.Debug|x64.Build.0 = Debug|x64
		{B1D0522D-B271-6DFE-EE74-01968AB563FC}.Release|x64.ActiveCfg = Release|x64
		{B1D0522D-B271-6DFE-EE74-01968AB563FC}.Release|x64.Build.0 = Release|x64
		{2A6E348E-A2EB-BB8B-4682-73F048A10CF0}.Debug|x64.ActiveCfg = Debug|x64
		{2A6E348E-A2EB-BB8B-4682-73F048A10CF0}.Debug|x64.Build.0 = Debug|x64
		{2A6E348E-A2EB-BB8B-4682-73F048A10CF0}.Release|x64.ActiveCfg = Release|x64
		{2A6E348E-A2EB-BB8B-4682-73F048A10CF0}.Release|x64.Build.0 = Release|x64
		{EE11F393-845B-8CF9-5EA9-6FAFA3F5C3C0}.Debug|x64.ActiveCfg = Debug|x64
		{EE11F393-845B-8CF9-5EA9-6FAFA3F5C3C0}.Debug|x64.Build.0 = Debug|x64
		{EE11F393-845B-8CF9-5EA9-6FAFA3F5C3C0}.Release|x64.ActiveCfg = Release|x64
		{EE11F393-845B-8CF9-5EA9-6FAFA3F5C3C0}.Release|x64.Build.0 = Release|x64
		{FDDD5C4B-22E6-3E2C-6582-060EDE74E84C}.Debug|x64.ActiveCfg = Debug|x64
		{FDDD5C4B-22E6-3E2C-6582-060EDE74E84C}.Debug|x64.Build.0 = Debug|x64
		{FDDD5C4B-22E6-3E2C-6582-060EDE74E84C}.Release|x64.ActiveCfg = Release|x64
		{FDDD5C4B-22E6-3E2C-6582-060EDE74E84C}.Release|x64.Build.0 = Release|x64
		{C0C97DCA-A0FD-9363-6609-63270DD65E70}.Debug|x64.ActiveCfg = Debug|x64
		{C0C97DCA-A0FD-9363-6609-63270DD65E70}.Debug|x64.Build.0 = Debug|x64
		{C0C97DCA-A0FD-9363-6609-63270DD65E70}.Release|x64.ActiveCfg = Release|x64
		{C0C97DCA-A0FD-9363-6609-63270DD65E70}.Release|x64.Build.0 = Release|x64
		{6D899EA9-9016-E1B6-F8EA-442F1E80F179}.Debug|x64.ActiveCfg = Debug|x64
		{6D899EA9-9016-E1B6-F8EA-442F1E80F179}.Debug|x64.Build.0 = Debug|x64
		{6D899EA9-9016-E1B6-F8EA-442F1E80F179}.Release|x64.ActiveCfg = Release|x64
		{6D899EA9-9016-E1B6-F8EA-442F1E80F179}.Release|x64.Build.0 = Release|x64
		{680E3022-EF08-0A27-8E21-EE7DDE01539E}.Debug|x64.ActiveCfg = Debug|x64
		{680E3022-EF08-0A27-8E21-EE7DDE01539E}.Debug|x64.Build.0 = Debug|x64
		{680E3022-EF08-0A27-8E21-EE7DDE01539E}.Release|x64.ActiveCfg = Release|x64
		{680E3022-EF08-0A27-8E21-EE7DDE01539E}.Release|x64.Build.0 = Release|x64
		{BEF58E74-9439-23AC-3AC1-4B31F9DE9CAB}.Debug|x64.ActiveCfg = Debug|x64
		{BEF58E74-9439-23AC-3AC1-4B31F9DE9CAB}.Debug|x64.Build.0 = Debug|x64
		{BEF58E74-9439-23AC-3AC1-4B31F9DE9CAB}.Release|x64.ActiveCfg = Release|x64
		{BEF58E74-9439-23AC-3AC1-4B31F9DE9CAB}.Release|x64.Build.0 = Release|x64
		{6ABFADD5-0952-4CC9-91C0-1218777AE3B4}.Debug|x64.ActiveCfg = Debug|x64
		{6ABFADD5-0952-4CC9-91C0-1218777AE3B4}.Debug|x64.Build.0 = Debug|x64
		{6ABFADD5-0952-4CC9-91C0-1218777AE3B4}.Release|x64.ActiveCfg = Release|x64
		{6ABFADD5-0952-4CC9-91C0-1218777AE3B4}.Release|x64.Build.0 = Release|x64
		{C42B27E1-419B-440F-BF39-F16BCBAC54C7}.Debug|x64.ActiveCfg = Debug|x64
		{C42B27E1-419B-440F-BF39-F16BCBAC54C7}.Debug|x64.Build.0 = Debug|x64
		{C42B27E1-419B-440F-BF39-F16BCBAC54C7}.Release|x64.ActiveCfg = Release|x64
		{C42B27E1-419B-440F-BF39-F16BCBAC54C7}.Release|x64.Build.0 = Release|x64
		{C3C931AB-EADC-4A0E-AB56-F072936C78EC}.Debug|x64.ActiveCfg = Debug|x64
		{C3C931AB-EADC-4A0E-AB56-F072936C78EC}.Debug|x64.Build.0 = Debug|x64
		{C3C931AB-EADC-4A0E-AB56-F072936C78EC}.Release|x64.ActiveCfg = Release|x64
		{C3C931AB-EADC-4A0E-AB56-F072936C78EC}.Release|x64.Build.0 = Release|x64
		{E180CC60-075F-462E-996F-39070EC39013}.Debug|x64.ActiveCfg = Debug|x64
		{E180CC60-075F-462E-996F-39070EC39013}.Debug|x64.Build.0 = Debug|x64
		{E180CC60-075F-462E-996F-39070EC39013}.Release|x64.ActiveCfg = Release|x64
		{E180CC60-075F-462E-996F-39070EC39013}.Release|x64.Build.0 = Release|x64
		{A956E431-070B-45D6-8776-1A1D1ED793AE}.Debug|x64.ActiveCfg = Debug|x64
		{A956E431-070B-45D6-8776-1A1D1ED793AE}.Debug|x64.Build.0 = Debug|x64
		{A956E431-070B-45D6-8776-1A1D1ED793AE}.Release|x64.ActiveCfg = Release|x64
		{A956E431-070B-45D6-8776-1A1D1ED793AE}.Release|x64.Build.0 = Release|x64
		{74876821-F752-4F6D-B09D-6DBD4B58A1E0}.Debug|x64.ActiveCfg = Debug|x64
		{74876821-F752-4F6D-B09D-6DBD4B58A1E0}.Debug|x64.Build.0 = Debug|x64
		{74876821-F752-4F6D-B09D-6DBD4B58A1E0}.Release|x64.ActiveCfg = Release|x64
		{74876821-F752-4F6D-B09D-6DBD4B58A1E0}.Release|x64.Build.0 = Release|x64
		{E4ED8E1F-9189-4E12-4484-500C35BA15E4}.Debug|x64.ActiveCfg = Debug|x64
		{E4ED8E1F-9189-4E12-4484-500C35BA15E4}.Debug|x64.Build.0 = Debug|x64
		{E4ED8E1F-9189-4E12-4484-500C35BA15E4}.Release|x64.ActiveCfg = Release|x64
		{E4ED8E1F-9189-4E12-4484-500C35BA15E4}.Release|x64.Build.0 = Release|x64
	EndGlobalSection
	GlobalSection(SolutionProperties) = preSolution
		HideSolutionNode = FALSE
	EndGlobalSection
	GlobalSection(NestedProjects) = preSolution
		{306ADCA7-FB08-E279-8072-1E915F7B2D17} = {284B0C48-6525-F3F5-CD5D-7841BD44174A}
	EndGlobalSection
	GlobalSection(ExtensibilityGlobals) = postSolution
		SolutionGuid = {E97FF645-432C-41F1-ACD9-D9EA11D2D32D}
	EndGlobalSection
EndGlobal
